
Microsoft Visual Studio Solution File, Format Version 12.00
# Visual Studio Version 17
VisualStudioVersion = 17.14.36705.20
MinimumVisualStudioVersion = 10.0.40219.1
Project("{FAE04EC0-301F-11D3-BF4B-00C04F79EFBC}") = "ConsoleApp1", "ConsoleApp1\ConsoleApp1.csproj", "{5D58EB67-C924-41FA-90AE-8C00A4D8F65D}"
EndProject
Project("{FAE04EC0-301F-11D3-BF4B-00C04F79EFBC}") = "ConsoleApp2", "ConsoleApp2\ConsoleApp2.csproj", "{05FF2837-5E2A-4732-8763-853BF9C140C0}"
EndProject
Project("{FAE04EC0-301F-11D3-BF4B-00C04F79EFBC}") = "ConsoleApp3", "ConsoleApp3\ConsoleApp3.csproj", "{16AEFEDD-975B-4D59-B9D3-85539E58376A}"
EndProject
Project("{FAE04EC0-301F-11D3-BF4B-00C04F79EFBC}") = "TheaterApp4", "TheaterApp4\TheaterApp4.csproj", "{2571B2CD-202B-4B0E-9165-4E257AEE85EF}"
EndProject
Project("{FAE04EC0-301F-11D3-BF4B-00C04F79EFBC}") = "Food65App4", "Food65App4\Food65App4.csproj", "{584E0E73-A9DC-4DE5-8FF9-66EFF16F835D}"
EndProject
Global
	GlobalSection(SolutionConfigurationPlatforms) = preSolution
		Debug|Any CPU = Debug|Any CPU
		Release|Any CPU = Release|Any CPU
	EndGlobalSection
	GlobalSection(ProjectConfigurationPlatforms) = postSolution
		{5D58EB67-C924-41FA-90AE-8C00A4D8F65D}.Debug|Any CPU.ActiveCfg = Debug|Any CPU
		{5D58EB67-C924-41FA-90AE-8C00A4D8F65D}.Debug|Any CPU.Build.0 = Debug|Any CPU
		{5D58EB67-C924-41FA-90AE-8C00A4D8F65D}.Release|Any CPU.ActiveCfg = Release|Any CPU
		{5D58EB67-C924-41FA-90AE-8C00A4D8F65D}.Release|Any CPU.Build.0 = Release|Any CPU
		{05FF2837-5E2A-4732-8763-853BF9C140C0}.Debug|Any CPU.ActiveCfg = Debug|Any CPU
		{05FF2837-5E2A-4732-8763-853BF9C140C0}.Debug|Any CPU.Build.0 = Debug|Any CPU
		{05FF2837-5E2A-4732-8763-853BF9C140C0}.Release|Any CPU.ActiveCfg = Release|Any CPU
		{05FF2837-5E2A-4732-8763-853BF9C140C0}.Release|Any CPU.Build.0 = Release|Any CPU
		{16AEFEDD-975B-4D59-B9D3-85539E58376A}.Debug|Any CPU.ActiveCfg = Debug|Any CPU
		{16AEFEDD-975B-4D59-B9D3-85539E58376A}.Debug|Any CPU.Build.0 = Debug|Any CPU
		{16AEFEDD-975B-4D59-B9D3-85539E58376A}.Release|Any CPU.ActiveCfg = Release|Any CPU
		{16AEFEDD-975B-4D59-B9D3-85539E58376A}.Release|Any CPU.Build.0 = Release|Any CPU
		{2571B2CD-202B-4B0E-9165-4E257AEE85EF}.Debug|Any CPU.ActiveCfg = Debug|Any CPU
		{2571B2CD-202B-4B0E-9165-4E257AEE85EF}.Debug|Any CPU.Build.0 = Debug|Any CPU
		{2571B2CD-202B-4B0E-9165-4E257AEE85EF}.Release|Any CPU.ActiveCfg = Release|Any CPU
		{2571B2CD-202B-4B0E-9165-4E257AEE85EF}.Release|Any CPU.Build.0 = Release|Any CPU
		{584E0E73-A9DC-4DE5-8FF9-66EFF16F835D}.Debug|Any CPU.ActiveCfg = Debug|Any CPU
		{584E0E73-A9DC-4DE5-8FF9-66EFF16F835D}.Debug|Any CPU.Build.0 = Debug|Any CPU
		{584E0E73-A9DC-4DE5-8FF9-66EFF16F835D}.Release|Any CPU.ActiveCfg = Release|Any CPU
		{584E0E73-A9DC-4DE5-8FF9-66EFF16F835D}.Release|Any CPU.Build.0 = Release|Any CPU
	EndGlobalSection
	GlobalSection(SolutionProperties) = preSolution
		HideSolutionNode = FALSE
	EndGlobalSection
	GlobalSection(ExtensibilityGlobals) = postSolution
		SolutionGuid = {FECBE27D-3747-45F8-8863-887D8324C8A2}
	EndGlobalSection
EndGlobal
